Microsoft Visual Studio Solution File, Format Version 12.00
# Visual Studio Version 17
VisualStudioVersion = 17.5.2.0
MinimumVisualStudioVersion = 10.0.40219.1
Project("{FAE04EC0-301F-11D3-BF4B-00C04F79EFBC}") = "InvolveX.Cli", "InvolveX.Cli.csproj", "{586A9840-9DBB-9DF0-45C2-02310CAE3C5A}"
EndProject
Global
	GlobalSection(SolutionConfigurationPlatforms) = preSolution
		Debug|Any CPU = Debug|Any CPU
		Release|Any CPU = Release|Any CPU
	EndGlobalSection
	GlobalSection(ProjectConfigurationPlatforms) = postSolution
		{586A9840-9DBB-9DF0-45C2-02310CAE3C5A}.Debug|Any CPU.ActiveCfg = Debug|Any CPU
		{586A9840-9DBB-9DF0-45C2-02310CAE3C5A}.Debug|Any CPU.Build.0 = Debug|Any CPU
		{586A9840-9DBB-9DF0-45C2-02310CAE3C5A}.Release|Any CPU.ActiveCfg = Release|Any CPU
		{586A9840-9DBB-9DF0-45C2-02310CAE3C5A}.Release|Any CPU.Build.0 = Release|Any CPU
	EndGlobalSection
	GlobalSection(SolutionProperties) = preSolution
		HideSolutionNode = FALSE
	EndGlobalSection
	GlobalSection(ExtensibilityGlobals) = postSolution
		SolutionGuid = {46FA42B9-EB21-4602-BD9F-005C5DBC1F3B}
	EndGlobalSection
EndGlobal
